// !$*UTF8*$!
{
	archiveVersion = 1;
	classes = {
	};
	objectVersion = 46;
	objects = {

/* Begin PBXBuildFile section */
		E38D19821FC8080900DFCA33 /* main.m in Sources */ = {isa = PBXBuildFile; fileRef = E38D19811FC8080900DFCA33 /* main.m */; };
		E38D19851FC8080900DFCA33 /* AppDelegate.m in Sources */ = {isa = PBXBuildFile; fileRef = E38D19841FC8080900DFCA33 /* AppDelegate.m */; };
		E38D19881FC8080900DFCA33 /* ViewController.m in Sources */ = {isa = PBXBuildFile; fileRef = E38D19871FC8080900DFCA33 /* ViewController.m */; };
		E38D198B1FC8080900DFCA33 /* Main.storyboard in Resources */ = {isa = PBXBuildFile; fileRef = E38D19891FC8080900DFCA33 /* Main.storyboard */; };
		E38D198D1FC8080900DFCA33 /* Assets.xcassets in Resources */ = {isa = PBXBuildFile; fileRef = E38D198C1FC8080900DFCA33 /* Assets.xcassets */; };
		E38D19901FC8080900DFCA33 /* LaunchScreen.storyboard in Resources */ = {isa = PBXBuildFile; fileRef = E38D198E1FC8080900DFCA33 /* LaunchScreen.storyboard */; };
		E38D199B1FC8080900DFCA33 /* RunTimeTests.m in Sources */ = {isa = PBXBuildFile; fileRef = E38D199A1FC8080900DFCA33 /* RunTimeTests.m */; };
		E38D19A61FC8080900DFCA33 /* RunTimeUITests.m in Sources */ = {isa = PBXBuildFile; fileRef = E38D19A51FC8080900DFCA33 /* RunTimeUITests.m */; };
		E38D19B51FCCFAFF00DFCA33 /* Person.m in Sources */ = {isa = PBXBuildFile; fileRef = E38D19B41FCCFAFF00DFCA33 /* Person.m */; };
		E38D19B81FCD039D00DFCA33 /* NSObject+Property.m in Sources */ = {isa = PBXBuildFile; fileRef = E38D19B71FCD039D00DFCA33 /* NSObject+Property.m */; };
		E38D19BB1FCD51D700DFCA33 /* Cat.m in Sources */ = {isa = PBXBuildFile; fileRef = E38D19BA1FCD51D700DFCA33 /* Cat.m */; };
		E38D19BE1FCD569100DFCA33 /* UIImage+Image.m in Sources */ = {isa = PBXBuildFile; fileRef = E38D19BD1FCD569100DFCA33 /* UIImage+Image.m */; };
/* End PBXBuildFile section */

/* Begin PBXContainerItemProxy section */
		E38D19971FC8080900DFCA33 /* PBXContainerItemProxy */ = {
			isa = PBXContainerItemProxy;
			containerPortal = E38D19751FC8080900DFCA33 /* Project object */;
			proxyType = 1;
			remoteGlobalIDString = E38D197C1FC8080900DFCA33;
			remoteInfo = RunTime;
		};
		E38D19A21FC8080900DFCA33 /* PBXContainerItemProxy */ = {
			isa = PBXContainerItemProxy;
			containerPortal = E38D19751FC8080900DFCA33 /* Project object */;
			proxyType = 1;
			remoteGlobalIDString = E38D197C1FC8080900DFCA33;
			remoteInfo = RunTime;
		};
/* End PBXContainerItemProxy section */

/* Begin PBXFileReference section */
		E38D197D1FC8080900DFCA33 /* RunTime.app */ = {isa = PBXFileReference; explicitFileType = wrapper.application; includeInIndex = 0; path = RunTime.app; sourceTree = BUILT_PRODUCTS_DIR; };
		E38D19811FC8080900DFCA33 /* main.m */ = {isa = PBXFileReference; lastKnownFileType = sourcecode.c.objc; path = main.m; sourceTree = "<group>"; };
		E38D19831FC8080900DFCA33 /* AppDelegate.h */ = {isa = PBXFileReference; lastKnownFileType = sourcecode.c.h; path = AppDelegate.h; sourceTree = "<group>"; };
		E38D19841FC8080900DFCA33 /* AppDelegate.m */ = {isa = PBXFileReference; lastKnownFileType = sourcecode.c.objc; path = AppDelegate.m; sourceTree = "<group>"; };
		E38D19861FC8080900DFCA33 /* ViewController.h */ = {isa = PBXFileReference; lastKnownFileType = sourcecode.c.h; path = ViewController.h; sourceTree = "<group>"; };
		E38D19871FC8080900DFCA33 /* ViewController.m */ = {isa = PBXFileReference; lastKnownFileType = sourcecode.c.objc; path = ViewController.m; sourceTree = "<group>"; };
		E38D198A1FC8080900DFCA33 /* Base */ = {isa = PBXFileReference; lastKnownFileType = file.storyboard; name = Base; path = Base.lproj/Main.storyboard; sourceTree = "<group>"; };
		E38D198C1FC8080900DFCA33 /* Assets.xcassets */ = {isa = PBXFileReference; lastKnownFileType = folder.assetcatalog; path = Assets.xcassets; sourceTree = "<group>"; };
		E38D198F1FC8080900DFCA33 /* Base */ = {isa = PBXFileReference; lastKnownFileType = file.storyboard; name = Base; path = Base.lproj/LaunchScreen.storyboard; sourceTree = "<group>"; };
		E38D19911FC8080900DFCA33 /* Info.plist */ = {isa = PBXFileReference; lastKnownFileType = text.plist.xml; path = Info.plist; sourceTree = "<group>"; };
		E38D19961FC8080900DFCA33 /* RunTimeTests.xctest */ = {isa = PBXFileReference; explicitFileType = wrapper.cfbundle; includeInIndex = 0; path = RunTimeTests.xctest; sourceTree = BUILT_PRODUCTS_DIR; };
		E38D199A1FC8080900DFCA33 /* RunTimeTests.m */ = {isa = PBXFileReference; lastKnownFileType = sourcecode.c.objc; path = RunTimeTests.m; sourceTree = "<group>"; };
		E38D199C1FC8080900DFCA33 /* Info.plist */ = {isa = PBXFileReference; lastKnownFileType = text.plist.xml; path = Info.plist; sourceTree = "<group>"; };
		E38D19A11FC8080900DFCA33 /* RunTimeUITests.xctest */ = {isa = PBXFileReference; explicitFileType = wrapper.cfbundle; includeInIndex = 0; path = RunTimeUITests.xctest; sourceTree = BUILT_PRODUCTS_DIR; };
		E38D19A51FC8080900DFCA33 /* RunTimeUITests.m */ = {isa = PBXFileReference; lastKnownFileType = sourcecode.c.objc; path = RunTimeUITests.m; sourceTree = "<group>"; };
		E38D19A71FC8080900DFCA33 /* Info.plist */ = {isa = PBXFileReference; lastKnownFileType = text.plist.xml; path = Info.plist; sourceTree = "<group>"; };
		E38D19B31FCCFAFF00DFCA33 /* Person.h */ = {isa = PBXFileReference; fileEncoding = 4; lastKnownFileType = sourcecode.c.h; path = Person.h; sourceTree = "<group>"; };
		E38D19B41FCCFAFF00DFCA33 /* Person.m */ = {isa = PBXFileReference; fileEncoding = 4; lastKnownFileType = sourcecode.c.objc; path = Person.m; sourceTree = "<group>"; };
		E38D19B61FCD039D00DFCA33 /* NSObject+Property.h */ = {isa = PBXFileReference; fileEncoding = 4; lastKnownFileType = sourcecode.c.h; path = "NSObject+Property.h"; sourceTree = "<group>"; };
		E38D19B71FCD039D00DFCA33 /* NSObject+Property.m */ = {isa = PBXFileReference; fileEncoding = 4; lastKnownFileType = sourcecode.c.objc; path = "NSObject+Property.m"; sourceTree = "<group>"; };
		E38D19B91FCD51D700DFCA33 /* Cat.h */ = {isa = PBXFileReference; fileEncoding = 4; lastKnownFileType = sourcecode.c.h; path = Cat.h; sourceTree = "<group>"; };
		E38D19BA1FCD51D700DFCA33 /* Cat.m */ = {isa = PBXFileReference; fileEncoding = 4; lastKnownFileType = sourcecode.c.objc; path = Cat.m; sourceTree = "<group>"; };
		E38D19BC1FCD569100DFCA33 /* UIImage+Image.h */ = {isa = PBXFileReference; fileEncoding = 4; lastKnownFileType = sourcecode.c.h; path = "UIImage+Image.h"; sourceTree = "<group>"; };
		E38D19BD1FCD569100DFCA33 /* UIImage+Image.m */ = {isa = PBXFileReference; fileEncoding = 4; lastKnownFileType = sourcecode.c.objc; path = "UIImage+Image.m"; sourceTree = "<group>"; };
/* End PBXFileReference section */

/* Begin PBXFrameworksBuildPhase section */
		E38D197A1FC8080900DFCA33 /* Frameworks */ = {
			isa = PBXFrameworksBuildPhase;
			buildActionMask = 2147483647;
			files = (
			);
			runOnlyForDeploymentPostprocessing = 0;
		};
		E38D19931FC8080900DFCA33 /* Frameworks */ = {
			isa = PBXFrameworksBuildPhase;
			buildActionMask = 2147483647;
			files = (
			);
			runOnlyForDeploymentPostprocessing = 0;
		};
		E38D199E1FC8080900DFCA33 /* Frameworks */ = {
			isa = PBXFrameworksBuildPhase;
			buildActionMask = 2147483647;
			files = (
			);
			runOnlyForDeploymentPostprocessing = 0;
		};
/* End PBXFrameworksBuildPhase section */

/* Begin PBXGroup section */
		E38D19741FC8080900DFCA33 = {
			isa = PBXGroup;
			children = (
				E38D197F1FC8080900DFCA33 /* RunTime */,
				E38D19991FC8080900DFCA33 /* RunTimeTests */,
				E38D19A41FC8080900DFCA33 /* RunTimeUITests */,
				E38D197E1FC8080900DFCA33 /* Products */,
			);
			sourceTree = "<group>";
		};
		E38D197E1FC8080900DFCA33 /* Products */ = {
			isa = PBXGroup;
			children = (
				E38D197D1FC8080900DFCA33 /* RunTime.app */,
				E38D19961FC8080900DFCA33 /* RunTimeTests.xctest */,
				E38D19A11FC8080900DFCA33 /* RunTimeUITests.xctest */,
			);
			name = Products;
			sourceTree = "<group>";
		};
		E38D197F1FC8080900DFCA33 /* RunTime */ = {
			isa = PBXGroup;
			children = (
				E38D19831FC8080900DFCA33 /* AppDelegate.h */,
				E38D19841FC8080900DFCA33 /* AppDelegate.m */,
				E38D19861FC8080900DFCA33 /* ViewController.h */,
				E38D19871FC8080900DFCA33 /* ViewController.m */,
				E38D19891FC8080900DFCA33 /* Main.storyboard */,
				E38D198C1FC8080900DFCA33 /* Assets.xcassets */,
				E38D198E1FC8080900DFCA33 /* LaunchScreen.storyboard */,
				E38D19911FC8080900DFCA33 /* Info.plist */,
				E38D19801FC8080900DFCA33 /* Supporting Files */,
				E38D19B31FCCFAFF00DFCA33 /* Person.h */,
				E38D19B41FCCFAFF00DFCA33 /* Person.m */,
				E38D19B61FCD039D00DFCA33 /* NSObject+Property.h */,
				E38D19B71FCD039D00DFCA33 /* NSObject+Property.m */,
				E38D19B91FCD51D700DFCA33 /* Cat.h */,
				E38D19BA1FCD51D700DFCA33 /* Cat.m */,
				E38D19BC1FCD569100DFCA33 /* UIImage+Image.h */,
				E38D19BD1FCD569100DFCA33 /* UIImage+Image.m */,
			);
			path = RunTime;
			sourceTree = "<group>";
		};
		E38D19801FC8080900DFCA33 /* Supporting Files */ = {
			isa = PBXGroup;
			children = (
				E38D19811FC8080900DFCA33 /* main.m */,
			);
			name = "Supporting Files";
			sourceTree = "<group>";
		};
		E38D19991FC8080900DFCA33 /* RunTimeTests */ = {
			isa = PBXGroup;
			children = (
				E38D199A1FC8080900DFCA33 /* RunTimeTests.m */,
				E38D199C1FC8080900DFCA33 /* Info.plist */,
			);
			path = RunTimeTests;
			sourceTree = "<group>";
		};
		E38D19A41FC8080900DFCA33 /* RunTimeUITests */ = {
			isa = PBXGroup;
			children = (
				E38D19A51FC8080900DFCA33 /* RunTimeUITests.m */,
				E38D19A71FC8080900DFCA33 /* Info.plist */,
			);
			path = RunTimeUITests;
			sourceTree = "<group>";
		};
/* End PBXGroup section */

/* Begin PBXNativeTarget section */
		E38D197C1FC8080900DFCA33 /* RunTime */ = {
			isa = PBXNativeTarget;
			buildConfigurationList = E38D19AA1FC8080900DFCA33 /* Build configuration list for PBXNativeTarget "RunTime" */;
			buildPhases = (
				E38D19791FC8080900DFCA33 /* Sources */,
				E38D197A1FC8080900DFCA33 /* Frameworks */,
				E38D197B1FC8080900DFCA33 /* Resources */,
			);
			buildRules = (
			);
			dependencies = (
			);
			name = RunTime;
			productName = RunTime;
			productReference = E38D197D1FC8080900DFCA33 /* RunTime.app */;
			productType = "com.apple.product-type.application";
		};
		E38D19951FC8080900DFCA33 /* RunTimeTests */ = {
			isa = PBXNativeTarget;
			buildConfigurationList = E38D19AD1FC8080900DFCA33 /* Build configuration list for PBXNativeTarget "RunTimeTests" */;
			buildPhases = (
				E38D19921FC8080900DFCA33 /* Sources */,
				E38D19931FC8080900DFCA33 /* Frameworks */,
				E38D19941FC8080900DFCA33 /* Resources */,
			);
			buildRules = (
			);
			dependencies = (
				E38D19981FC8080900DFCA33 /* PBXTargetDependency */,
			);
			name = RunTimeTests;
			productName = RunTimeTests;
			productReference = E38D19961FC8080900DFCA33 /* RunTimeTests.xctest */;
			productType = "com.apple.product-type.bundle.unit-test";
		};
		E38D19A01FC8080900DFCA33 /* RunTimeUITests */ = {
			isa = PBXNativeTarget;
			buildConfigurationList = E38D19B01FC8080900DFCA33 /* Build configuration list for PBXNativeTarget "RunTimeUITests" */;
			buildPhases = (
				E38D199D1FC8080900DFCA33 /* Sources */,
				E38D199E1FC8080900DFCA33 /* Frameworks */,
				E38D199F1FC8080900DFCA33 /* Resources */,
			);
			buildRules = (
			);
			dependencies = (
				E38D19A31FC8080900DFCA33 /* PBXTargetDependency */,
			);
			name = RunTimeUITests;
			productName = RunTimeUITests;
			productReference = E38D19A11FC8080900DFCA33 /* RunTimeUITests.xctest */;
			productType = "com.apple.product-type.bundle.ui-testing";
		};
/* End PBXNativeTarget section */

/* Begin PBXProject section */
		E38D19751FC8080900DFCA33 /* Project object */ = {
			isa = PBXProject;
			attributes = {
				LastUpgradeCheck = 0830;
				ORGANIZATIONNAME = "阮沧晖";
				TargetAttributes = {
					E38D197C1FC8080900DFCA33 = {
						CreatedOnToolsVersion = 8.3.3;
						DevelopmentTeam = D3L65BFP8W;
						ProvisioningStyle = Automatic;
					};
					E38D19951FC8080900DFCA33 = {
						CreatedOnToolsVersion = 8.3.3;
						DevelopmentTeam = D3L65BFP8W;
						ProvisioningStyle = Automatic;
						TestTargetID = E38D197C1FC8080900DFCA33;
					};
					E38D19A01FC8080900DFCA33 = {
						CreatedOnToolsVersion = 8.3.3;
						DevelopmentTeam = D3L65BFP8W;
						ProvisioningStyle = Automatic;
						TestTargetID = E38D197C1FC8080900DFCA33;
					};
				};
			};
			buildConfigurationList = E38D19781FC8080900DFCA33 /* Build configuration list for PBXProject "RunTime" */;
			compatibilityVersion = "Xcode 3.2";
			developmentRegion = English;
			hasScannedForEncodings = 0;
			knownRegions = (
				en,
				Base,
			);
			mainGroup = E38D19741FC8080900DFCA33;
			productRefGroup = E38D197E1FC8080900DFCA33 /* Products */;
			projectDirPath = "";
			projectRoot = "";
			targets = (
				E38D197C1FC8080900DFCA33 /* RunTime */,
				E38D19951FC8080900DFCA33 /* RunTimeTests */,
				E38D19A01FC8080900DFCA33 /* RunTimeUITests */,
			);
		};
/* End PBXProject section */

/* Begin PBXResourcesBuildPhase section */
		E38D197B1FC8080900DFCA33 /* Resources */ = {
			isa = PBXResourcesBuildPhase;
			buildActionMask = 2147483647;
			files = (
				E38D19901FC8080900DFCA33 /* LaunchScreen.storyboard in Resources */,
				E38D198D1FC8080900DFCA33 /* Assets.xcassets in Resources */,
				E38D198B1FC8080900DFCA33 /* Main.storyboard in Resources */,
			);
			runOnlyForDeploymentPostprocessing = 0;
		};
		E38D19941FC8080900DFCA33 /* Resources */ = {
			isa = PBXResourcesBuildPhase;
			buildActionMask = 2147483647;
			files = (
			);
			runOnlyForDeploymentPostprocessing = 0;
		};
		E38D199F1FC8080900DFCA33 /* Resources */ = {
			isa = PBXResourcesBuildPhase;
			buildActionMask = 2147483647;
			files = (
			);
			runOnlyForDeploymentPostprocessing = 0;
		};
/* End PBXResourcesBuildPhase section */

/* Begin PBXSourcesBuildPhase section */
		E38D19791FC8080900DFCA33 /* Sources */ = {
			isa = PBXSourcesBuildPhase;
			buildActionMask = 2147483647;
			files = (
				E38D19BB1FCD51D700DFCA33 /* Cat.m in Sources */,
				E38D19881FC8080900DFCA33 /* ViewController.m in Sources */,
				E38D19851FC8080900DFCA33 /* AppDelegate.m in Sources */,
				E38D19B51FCCFAFF00DFCA33 /* Person.m in Sources */,
				E38D19BE1FCD569100DFCA33 /* UIImage+Image.m in Sources */,
				E38D19B81FCD039D00DFCA33 /* NSObject+Property.m in Sources */,
				E38D19821FC8080900DFCA33 /* main.m in Sources */,
			);
			runOnlyForDeploymentPostprocessing = 0;
		};
		E38D19921FC8080900DFCA33 /* Sources */ = {
			isa = PBXSourcesBuildPhase;
			buildActionMask = 2147483647;
			files = (
				E38D199B1FC8080900DFCA33 /* RunTimeTests.m in Sources */,
			);
			runOnlyForDeploymentPostprocessing = 0;
		};
		E38D199D1FC8080900DFCA33 /* Sources */ = {
			isa = PBXSourcesBuildPhase;
			buildActionMask = 2147483647;
			files = (
				E38D19A61FC8080900DFCA33 /* RunTimeUITests.m in Sources */,
			);
			runOnlyForDeploymentPostprocessing = 0;
		};
/* End PBXSourcesBuildPhase section */

/* Begin PBXTargetDependency section */
		E38D19981FC8080900DFCA33 /* PBXTargetDependency */ = {
			isa = PBXTargetDependency;
			target = E38D197C1FC8080900DFCA33 /* RunTime */;
			targetProxy = E38D19971FC8080900DFCA33 /* PBXContainerItemProxy */;
		};
		E38D19A31FC8080900DFCA33 /* PBXTargetDependency */ = {
			isa = PBXTargetDependency;
			target = E38D197C1FC8080900DFCA33 /* RunTime */;
			targetProxy = E38D19A21FC8080900DFCA33 /* PBXContainerItemProxy */;
		};
/* End PBXTargetDependency section */

/* Begin PBXVariantGroup section */
		E38D19891FC8080900DFCA33 /* Main.storyboard */ = {
			isa = PBXVariantGroup;
			children = (
				E38D198A1FC8080900DFCA33 /* Base */,
			);
			name = Main.storyboard;
			sourceTree = "<group>";
		};
		E38D198E1FC8080900DFCA33 /* LaunchScreen.storyboard */ = {
			isa = PBXVariantGroup;
			children = (
				E38D198F1FC8080900DFCA33 /* Base */,
			);
			name = LaunchScreen.storyboard;
			sourceTree = "<group>";
		};
/* End PBXVariantGroup section */

/* Begin XCBuildConfiguration section */
		E38D19A81FC8080900DFCA33 /* Debug */ = {
			isa = XCBuildConfiguration;
			buildSettings = {
				ALWAYS_SEARCH_USER_PATHS = NO;
				CLANG_ANALYZER_NONNULL = YES;
				CLANG_ANALYZER_NUMBER_OBJECT_CONVERSION = YES_AGGRESSIVE;
				CLANG_CXX_LANGUAGE_STANDARD = "gnu++0x";
				CLANG_CXX_LIBRARY = "libc++";
				CLANG_ENABLE_MODULES = YES;
				CLANG_ENABLE_OBJC_ARC = YES;
				CLANG_WARN_BOOL_CONVERSION = YES;
				CLANG_WARN_CONSTANT_CONVERSION = YES;
				CLANG_WARN_DIRECT_OBJC_ISA_USAGE = YES_ERROR;
				CLANG_WARN_DOCUMENTATION_COMMENTS = YES;
				CLANG_WARN_EMPTY_BODY = YES;
				CLANG_WARN_ENUM_CONVERSION = YES;
				CLANG_WARN_INFINITE_RECURSION = YES;
				CLANG_WARN_INT_CONVERSION = YES;
				CLANG_WARN_OBJC_ROOT_CLASS = YES_ERROR;
				CLANG_WARN_SUSPICIOUS_MOVE = YES;
				CLANG_WARN_UNREACHABLE_CODE = YES;
				CLANG_WARN__DUPLICATE_METHOD_MATCH = YES;
				"CODE_SIGN_IDENTITY[sdk=iphoneos*]" = "iPhone Developer";
				COPY_PHASE_STRIP = NO;
				DEBUG_INFORMATION_FORMAT = dwarf;
				ENABLE_STRICT_OBJC_MSGSEND = YES;
				ENABLE_TESTABILITY = YES;
				GCC_C_LANGUAGE_STANDARD = gnu99;
				GCC_DYNAMIC_NO_PIC = NO;
				GCC_NO_COMMON_BLOCKS = YES;
				GCC_OPTIMIZATION_LEVEL = 0;
				GCC_PREPROCESSOR_DEFINITIONS = (
					"DEBUG=1",
					"$(inherited)",
				);
				GCC_WARN_64_TO_32_BIT_CONVERSION = YES;
				GCC_WARN_ABOUT_RETURN_TYPE = YES_ERROR;
				GCC_WARN_UNDECLARED_SELECTOR = YES;
				GCC_WARN_UNINITIALIZED_AUTOS = YES_AGGRESSIVE;
				GCC_WARN_UNUSED_FUNCTION = YES;
				GCC_WARN_UNUSED_VARIABLE = YES;
				IPHONEOS_DEPLOYMENT_TARGET = 10.3;
				MTL_ENABLE_DEBUG_INFO = YES;
				ONLY_ACTIVE_ARCH = YES;
				SDKROOT = iphoneos;
			};
			name = Debug;
		};
		E38D19A91FC8080900DFCA33 /* Release */ = {
			isa = XCBuildConfiguration;
			buildSettings = {
				ALWAYS_SEARCH_USER_PATHS = NO;
				CLANG_ANALYZER_NONNULL = YES;
				CLANG_ANALYZER_NUMBER_OBJECT_CONVERSION = YES_AGGRESSIVE;
				CLANG_CXX_LANGUAGE_STANDARD = "gnu++0x";
				CLANG_CXX_LIBRARY = "libc++";
				CLANG_ENABLE_MODULES = YES;
				CLANG_ENABLE_OBJC_ARC = YES;
				CLANG_WARN_BOOL_CONVERSION = YES;
				CLANG_WARN_CONSTANT_CONVERSION = YES;
				CLANG_WARN_DIRECT_OBJC_ISA_USAGE = YES_ERROR;
				CLANG_WARN_DOCUMENTATION_COMMENTS = YES;
				CLANG_WARN_EMPTY_BODY = YES;
				CLANG_WARN_ENUM_CONVERSION = YES;
				CLANG_WARN_INFINITE_RECURSION = YES;
				CLANG_WARN_INT_CONVERSION = YES;
				CLANG_WARN_OBJC_ROOT_CLASS = YES_ERROR;
				CLANG_WARN_SUSPICIOUS_MOVE = YES;
				CLANG_WARN_UNREACHABLE_CODE = YES;
				CLANG_WARN__DUPLICATE_METHOD_MATCH = YES;
				"CODE_SIGN_IDENTITY[sdk=iphoneos*]" = "iPhone Developer";
				COPY_PHASE_STRIP = NO;
				DEBUG_INFORMATION_FORMAT = "dwarf-with-dsym";
				ENABLE_NS_ASSERTIONS = NO;
				ENABLE_STRICT_OBJC_MSGSEND = YES;
				GCC_C_LANGUAGE_STANDARD = gnu99;
				GCC_NO_COMMON_BLOCKS = YES;
				GCC_WARN_64_TO_32_BIT_CONVERSION = YES;
				GCC_WARN_ABOUT_RETURN_TYPE = YES_ERROR;
				GCC_WARN_UNDECLARED_SELECTOR = YES;
				GCC_WARN_UNINITIALIZED_AUTOS = YES_AGGRESSIVE;
				GCC_WARN_UNUSED_FUNCTION = YES;
				GCC_WARN_UNUSED_VARIABLE = YES;
				IPHONEOS_DEPLOYMENT_TARGET = 10.3;
				MTL_ENABLE_DEBUG_INFO = NO;
				SDKROOT = iphoneos;
				VALIDATE_PRODUCT = YES;
			};
			name = Release;
		};
		E38D19AB1FC8080900DFCA33 /* Debug */ = {
			isa = XCBuildConfiguration;
			buildSettings = {
				ASSETCATALOG_COMPILER_APPICON_NAME = AppIcon;
				DEVELOPMENT_TEAM = D3L65BFP8W;
				INFOPLIST_FILE = RunTime/Info.plist;
				LD_RUNPATH_SEARCH_PATHS = "$(inherited) @executable_path/Frameworks";
				PRODUCT_BUNDLE_IDENTIFIER = com.xl.RunTime;
				PRODUCT_NAME = "$(TARGET_NAME)";
			};
			name = Debug;
		};
		E38D19AC1FC8080900DFCA33 /* Release */ = {
			isa = XCBuildConfiguration;
			buildSettings = {
				ASSETCATALOG_COMPILER_APPICON_NAME = AppIcon;
				DEVELOPMENT_TEAM = D3L65BFP8W;
				INFOPLIST_FILE = RunTime/Info.plist;
				LD_RUNPATH_SEARCH_PATHS = "$(inherited) @executable_path/Frameworks";
				PRODUCT_BUNDLE_IDENTIFIER = com.xl.RunTime;
				PRODUCT_NAME = "$(TARGET_NAME)";
			};
			name = Release;
		};
		E38D19AE1FC8080900DFCA33 /* Debug */ = {
			isa = XCBuildConfiguration;
			buildSettings = {
				BUNDLE_LOADER = "$(TEST_HOST)";
				DEVELOPMENT_TEAM = D3L65BFP8W;
				INFOPLIST_FILE = RunTimeTests/Info.plist;
				LD_RUNPATH_SEARCH_PATHS = "$(inherited) @executable_path/Frameworks @loader_path/Frameworks";
				PRODUCT_BUNDLE_IDENTIFIER = com.xl.RunTimeTests;
				PRODUCT_NAME = "$(TARGET_NAME)";
				TEST_HOST = "$(BUILT_PRODUCTS_DIR)/RunTime.app/RunTime";
			};
			name = Debug;
		};
		E38D19AF1FC8080900DFCA33 /* Release */ = {
			isa = XCBuildConfiguration;
			buildSettings = {
				BUNDLE_LOADER = "$(TEST_HOST)";
				DEVELOPMENT_TEAM = D3L65BFP8W;
				INFOPLIST_FILE = RunTimeTests/Info.plist;
				LD_RUNPATH_SEARCH_PATHS = "$(inherited) @executable_path/Frameworks @loader_path/Frameworks";
				PRODUCT_BUNDLE_IDENTIFIER = com.xl.RunTimeTests;
				PRODUCT_NAME = "$(TARGET_NAME)";
				TEST_HOST = "$(BUILT_PRODUCTS_DIR)/RunTime.app/RunTime";
			};
			name = Release;
		};
		E38D19B11FC8080900DFCA33 /* Debug */ = {
			isa = XCBuildConfiguration;
			buildSettings = {
				DEVELOPMENT_TEAM = D3L65BFP8W;
				INFOPLIST_FILE = RunTimeUITests/Info.plist;
				LD_RUNPATH_SEARCH_PATHS = "$(inherited) @executable_path/Frameworks @loader_path/Frameworks";
				PRODUCT_BUNDLE_IDENTIFIER = com.xl.RunTimeUITests;
				PRODUCT_NAME = "$(TARGET_NAME)";
				TEST_TARGET_NAME = RunTime;
			};
			name = Debug;
		};
		E38D19B21FC8080900DFCA33 /* Release */ = {
			isa = XCBuildConfiguration;
			buildSettings = {
				DEVELOPMENT_TEAM = D3L65BFP8W;
				INFOPLIST_FILE = RunTimeUITests/Info.plist;
				LD_RUNPATH_SEARCH_PATHS = "$(inherited) @executable_path/Frameworks @loader_path/Frameworks";
				PRODUCT_BUNDLE_IDENTIFIER = com.xl.RunTimeUITests;
				PRODUCT_NAME = "$(TARGET_NAME)";
				TEST_TARGET_NAME = RunTime;
			};
			name = Release;
		};
/* End XCBuildConfiguration section */

/* Begin XCConfigurationList section */
		E38D19781FC8080900DFCA33 /* Build configuration list for PBXProject "RunTime" */ = {
			isa = XCConfigurationList;
			buildConfigurations = (
				E38D19A81FC8080900DFCA33 /* Debug */,
				E38D19A91FC8080900DFCA33 /* Release */,
			);
			defaultConfigurationIsVisible = 0;
			defaultConfigurationName = Release;
		};
		E38D19AA1FC8080900DFCA33 /* Build configuration list for PBXNativeTarget "RunTime" */ = {
			isa = XCConfigurationList;
			buildConfigurations = (
				E38D19AB1FC8080900DFCA33 /* Debug */,
				E38D19AC1FC8080900DFCA33 /* Release */,
			);
			defaultConfigurationIsVisible = 0;
		};
		E38D19AD1FC8080900DFCA33 /* Build configuration list for PBXNativeTarget "RunTimeTests" */ = {
			isa = XCConfigurationList;
			buildConfigurations = (
				E38D19AE1FC8080900DFCA33 /* Debug */,
				E38D19AF1FC8080900DFCA33 /* Release */,
			);
			defaultConfigurationIsVisible = 0;
		};
		E38D19B01FC8080900DFCA33 /* Build configuration list for PBXNativeTarget "RunTimeUITests" */ = {
			isa = XCConfigurationList;
			buildConfigurations = (
				E38D19B11FC8080900DFCA33 /* Debug */,
				E38D19B21FC8080900DFCA33 /* Release */,
			);
			defaultConfigurationIsVisible = 0;
		};
/* End XCConfigurationList section */
	};
	rootObject = E38D19751FC8080900DFCA33 /* Project object */;
}
